
Microsoft Visual Studio Solution File, Format Version 12.00
# Visual Studio Version 17
VisualStudioVersion = 17.5.33627.172
MinimumVisualStudioVersion = 10.0.40219.1
Project("{FAE04EC0-301F-11D3-BF4B-00C04F79EFBC}") = "Lab_7q2", "Lab_7q2.csproj", "{FDA9072A-E697-469E-A7B3-A50EFAC41E2C}"
EndProject
Global
	GlobalSection(SolutionConfigurationPlatforms) = preSolution
		Debug|Any CPU = Debug|Any CPU
		Release|Any CPU = Release|Any CPU
	EndGlobalSection
	GlobalSection(ProjectConfigurationPlatforms) = postSolution
		{FDA9072A-E697-469E-A7B3-A50EFAC41E2C}.Debug|Any CPU.ActiveCfg = Debug|Any CPU
		{FDA9072A-E697-469E-A7B3-A50EFAC41E2C}.Debug|Any CPU.Build.0 = Debug|Any CPU
		{FDA9072A-E697-469E-A7B3-A50EFAC41E2C}.Release|Any CPU.ActiveCfg = Release|Any CPU
		{FDA9072A-E697-469E-A7B3-A50EFAC41E2C}.Release|Any CPU.Build.0 = Release|Any CPU
	EndGlobalSection
	GlobalSection(SolutionProperties) = preSolution
		HideSolutionNode = FALSE
	EndGlobalSection
	GlobalSection(ExtensibilityGlobals) = postSolution
		SolutionGuid = {5811636A-575E-4817-AF9B-649CBE7AF9BF}
	EndGlobalSection
EndGlobal
